
Microsoft Visual Studio Solution File, Format Version 12.00
# Visual Studio 15
VisualStudioVersion = 15.0.27428.2015
MinimumVisualStudioVersion = 10.0.40219.1
Project("{8BC9CEB8-8B4A-11D0-8D11-00A0C91BC942}") = "Chapter 02", "Chapter 02\Chapter 02.vcxproj", "{AC07B9B9-46C6-446F-ACBA-1AE3A238165E}"
EndProject
Project("{8BC9CEB8-8B4A-11D0-8D11-00A0C91BC942}") = "Chapter 03", "Chapter 03\Chapter 03.vcxproj", "{5B7AD6A7-D564-4000-A8B6-136BC15C229B}"
EndProject
Project("{8BC9CEB8-8B4A-11D0-8D11-00A0C91BC942}") = "Chapter 04", "Chapter 04\Chapter 04.vcxproj", "{269BE74C-9996-425C-A5DE-A8DE1376CB4F}"
EndProject
Project("{8BC9CEB8-8B4A-11D0-8D11-00A0C91BC942}") = "Chapter 05", "Chapter 05\Chapter 05.vcxproj", "{0FC28761-4232-412D-9A01-390B03169F0B}"
EndProject
Project("{8BC9CEB8-8B4A-11D0-8D11-00A0C91BC942}") = "Chapter 07", "Chapter 07\Chapter 07.vcxproj", "{81B8A27B-6981-4A93-8A07-8F80E720FF89}"
EndProject
Project("{8BC9CEB8-8B4A-11D0-8D11-00A0C91BC942}") = "Chapter 08", "Chapter 08\Chapter 08.vcxproj", "{E832FB84-8E5B-4A1C-BCBA-0418A0ABD528}"
EndProject
Project("{8BC9CEB8-8B4A-11D0-8D11-00A0C91BC942}") = "Chapter 06", "Chapter 06\Chapter 06.vcxproj", "{E3FD3E06-D38F-4709-8271-44E66C060C34}"
EndProject
Project("{8BC9CEB8-8B4A-11D0-8D11-00A0C91BC942}") = "Chapter 09", "Chapter 09\Chapter 09.vcxproj", "{80966AAD-F1B0-4D2E-B5FC-984EFC186FD1}"
EndProject
Project("{8BC9CEB8-8B4A-11D0-8D11-00A0C91BC942}") = "Chapter 10", "Chapter 10\Chapter 10.vcxproj", "{1700E2DB-18C1-4D62-BBF4-F9EFF75ED474}"
EndProject
Project("{8BC9CEB8-8B4A-11D0-8D11-00A0C91BC942}") = "Chapter 11", "Chapter 11\Chapter 11.vcxproj", "{33ECCD1A-5941-45F2-A498-F3F45A4B3B73}"
EndProject
Project("{8BC9CEB8-8B4A-11D0-8D11-00A0C91BC942}") = "Chapter 12", "Chapter 12\Chapter 12.vcxproj", "{E1070393-14A7-47A6-9837-41BE349B88FB}"
EndProject
Project("{8BC9CEB8-8B4A-11D0-8D11-00A0C91BC942}") = "Chapter 13", "Chapter 13\Chapter 13.vcxproj", "{EB58FE41-893F-46E1-A32D-434D48578EB7}"
EndProject
Project("{8BC9CEB8-8B4A-11D0-8D11-00A0C91BC942}") = "Chapter 14", "Chapter 14\Chapter 14.vcxproj", "{551C868E-412A-46C9-B4C0-738AC6112367}"
EndProject
Project("{8BC9CEB8-8B4A-11D0-8D11-00A0C91BC942}") = "Chapter 15", "Chapter 15\Chapter 15.vcxproj", "{B5E5FE0D-A73B-4F9C-95A2-EEBCAD48096F}"
EndProject
Project("{8BC9CEB8-8B4A-11D0-8D11-00A0C91BC942}") = "Chapter 16", "Chapter 16\Chapter 16.vcxproj", "{B46E3C37-624D-4501-8DAA-8F2B47697CDE}"
EndProject
Project("{8BC9CEB8-8B4A-11D0-8D11-00A0C91BC942}") = "Chapter 17", "Chapter 17\Chapter 17.vcxproj", "{2FA62321-837B-4CBA-9FC2-369B8119D203}"
EndProject
Project("{8BC9CEB8-8B4A-11D0-8D11-00A0C91BC942}") = "Chapter 18", "Chapter 18\Chapter 18.vcxproj", "{FB79D944-1178-41E4-9A0E-2027610B2C1A}"
EndProject
Global
	GlobalSection(SolutionConfigurationPlatforms) = preSolution
		Debug|x64 = Debug|x64
		Debug|x86 = Debug|x86
		Release|x64 = Release|x64
		Release|x86 = Release|x86
	EndGlobalSection
	GlobalSection(ProjectConfigurationPlatforms) = postSolution
		{AC07B9B9-46C6-446F-ACBA-1AE3A238165E}.Debug|x64.ActiveCfg = Debug|x64
		{AC07B9B9-46C6-446F-ACBA-1AE3A238165E}.Debug|x64.Build.0 = Debug|x64
		{AC07B9B9-46C6-446F-ACBA-1AE3A238165E}.Debug|x86.ActiveCfg = Debug|Win32
		{AC07B9B9-46C6-446F-ACBA-1AE3A238165E}.Debug|x86.Build.0 = Debug|Win32
		{AC07B9B9-46C6-446F-ACBA-1AE3A238165E}.Release|x64.ActiveCfg = Release|x64
		{AC07B9B9-46C6-446F-ACBA-1AE3A238165E}.Release|x64.Build.0 = Release|x64
		{AC07B9B9-46C6-446F-ACBA-1AE3A238165E}.Release|x86.ActiveCfg = Release|Win32
		{AC07B9B9-46C6-446F-ACBA-1AE3A238165E}.Release|x86.Build.0 = Release|Win32
		{5B7AD6A7-D564-4000-A8B6-136BC15C229B}.Debug|x64.ActiveCfg = Debug|x64
		{5B7AD6A7-D564-4000-A8B6-136BC15C229B}.Debug|x64.Build.0 = Debug|x64
		{5B7AD6A7-D564-4000-A8B6-136BC15C229B}.Debug|x86.ActiveCfg = Debug|Win32
		{5B7AD6A7-D564-4000-A8B6-136BC15C229B}.Debug|x86.Build.0 = Debug|Win32
		{5B7AD6A7-D564-4000-A8B6-136BC15C229B}.Release|x64.ActiveCfg = Release|x64
		{5B7AD6A7-D564-4000-A8B6-136BC15C229B}.Release|x64.Build.0 = Release|x64
		{5B7AD6A7-D564-4000-A8B6-136BC15C229B}.Release|x86.ActiveCfg = Release|Win32
		{5B7AD6A7-D564-4000-A8B6-136BC15C229B}.Release|x86.Build.0 = Release|Win32
		{269BE74C-9996-425C-A5DE-A8DE1376CB4F}.Debug|x64.ActiveCfg = Debug|x64
		{269BE74C-9996-425C-A5DE-A8DE1376CB4F}.Debug|x64.Build.0 = Debug|x64
		{269BE74C-9996-425C-A5DE-A8DE1376CB4F}.Debug|x86.ActiveCfg = Debug|Win32
		{269BE74C-9996-425C-A5DE-A8DE1376CB4F}.Debug|x86.Build.0 = Debug|Win32
		{269BE74C-9996-425C-A5DE-A8DE1376CB4F}.Release|x64.ActiveCfg = Release|x64
		{269BE74C-9996-425C-A5DE-A8DE1376CB4F}.Release|x64.Build.0 = Release|x64
		{269BE74C-9996-425C-A5DE-A8DE1376CB4F}.Release|x86.ActiveCfg = Release|Win32
		{269BE74C-9996-425C-A5DE-A8DE1376CB4F}.Release|x86.Build.0 = Release|Win32
		{0FC28761-4232-412D-9A01-390B03169F0B}.Debug|x64.ActiveCfg = Debug|x64
		{0FC28761-4232-412D-9A01-390B03169F0B}.Debug|x64.Build.0 = Debug|x64
		{0FC28761-4232-412D-9A01-390B03169F0B}.Debug|x86.ActiveCfg = Debug|Win32
		{0FC28761-4232-412D-9A01-390B03169F0B}.Debug|x86.Build.0 = Debug|Win32
		{0FC28761-4232-412D-9A01-390B03169F0B}.Release|x64.ActiveCfg = Release|x64
		{0FC28761-4232-412D-9A01-390B03169F0B}.Release|x64.Build.0 = Release|x64
		{0FC28761-4232-412D-9A01-390B03169F0B}.Release|x86.ActiveCfg = Release|Win32
		{0FC28761-4232-412D-9A01-390B03169F0B}.Release|x86.Build.0 = Release|Win32
		{81B8A27B-6981-4A93-8A07-8F80E720FF89}.Debug|x64.ActiveCfg = Debug|x64
		{81B8A27B-6981-4A93-8A07-8F80E720FF89}.Debug|x64.Build.0 = Debug|x64
		{81B8A27B-6981-4A93-8A07-8F80E720FF89}.Debug|x86.ActiveCfg = Debug|Win32
		{81B8A27B-6981-4A93-8A07-8F80E720FF89}.Debug|x86.Build.0 = Debug|Win32
		{81B8A27B-6981-4A93-8A07-8F80E720FF89}.Release|x64.ActiveCfg = Release|x64
		{81B8A27B-6981-4A93-8A07-8F80E720FF89}.Release|x64.Build.0 = Release|x64
		{81B8A27B-6981-4A93-8A07-8F80E720FF89}.Release|x86.ActiveCfg = Release|Win32
		{81B8A27B-6981-4A93-8A07-8F80E720FF89}.Release|x86.Build.0 = Release|Win32
		{E832FB84-8E5B-4A1C-BCBA-0418A0ABD528}.Debug|x64.ActiveCfg = Debug|x64
		{E832FB84-8E5B-4A1C-BCBA-0418A0ABD528}.Debug|x64.Build.0 = Debug|x64
		{E832FB84-8E5B-4A1C-BCBA-0418A0ABD528}.Debug|x86.ActiveCfg = Debug|Win32
		{E832FB84-8E5B-4A1C-BCBA-0418A0ABD528}.Debug|x86.Build.0 = Debug|Win32
		{E832FB84-8E5B-4A1C-BCBA-0418A0ABD528}.Release|x64.ActiveCfg = Release|x64
		{E832FB84-8E5B-4A1C-BCBA-0418A0ABD528}.Release|x64.Build.0 = Release|x64
		{E832FB84-8E5B-4A1C-BCBA-0418A0ABD528}.Release|x86.ActiveCfg = Release|Win32
		{E832FB84-8E5B-4A1C-BCBA-0418A0ABD528}.Release|x86.Build.0 = Release|Win32
		{E3FD3E06-D38F-4709-8271-44E66C060C34}.Debug|x64.ActiveCfg = Debug|x64
		{E3FD3E06-D38F-4709-8271-44E66C060C34}.Debug|x64.Build.0 = Debug|x64
		{E3FD3E06-D38F-4709-8271-44E66C060C34}.Debug|x86.ActiveCfg = Debug|Win32
		{E3FD3E06-D38F-4709-8271-44E66C060C34}.Debug|x86.Build.0 = Debug|Win32
		{E3FD3E06-D38F-4709-8271-44E66C060C34}.Release|x64.ActiveCfg = Release|x64
		{E3FD3E06-D38F-4709-8271-44E66C060C34}.Release|x64.Build.0 = Release|x64
		{E3FD3E06-D38F-4709-8271-44E66C060C34}.Release|x86.ActiveCfg = Release|Win32
		{E3FD3E06-D38F-4709-8271-44E66C060C34}.Release|x86.Build.0 = Release|Win32
		{80966AAD-F1B0-4D2E-B5FC-984EFC186FD1}.Debug|x64.ActiveCfg = Debug|x64
		{80966AAD-F1B0-4D2E-B5FC-984EFC186FD1}.Debug|x64.Build.0 = Debug|x64
		{80966AAD-F1B0-4D2E-B5FC-984EFC186FD1}.Debug|x86.ActiveCfg = Debug|Win32
		{80966AAD-F1B0-4D2E-B5FC-984EFC186FD1}.Debug|x86.Build.0 = Debug|Win32
		{80966AAD-F1B0-4D2E-B5FC-984EFC186FD1}.Release|x64.ActiveCfg = Release|x64
		{80966AAD-F1B0-4D2E-B5FC-984EFC186FD1}.Release|x64.Build.0 = Release|x64
		{80966AAD-F1B0-4D2E-B5FC-984EFC186FD1}.Release|x86.ActiveCfg = Release|Win32
		{80966AAD-F1B0-4D2E-B5FC-984EFC186FD1}.Release|x86.Build.0 = Release|Win32
		{1700E2DB-18C1-4D62-BBF4-F9EFF75ED474}.Debug|x64.ActiveCfg = Debug|x64
		{1700E2DB-18C1-4D62-BBF4-F9EFF75ED474}.Debug|x64.Build.0 = Debug|x64
		{1700E2DB-18C1-4D62-BBF4-F9EFF75ED474}.Debug|x86.ActiveCfg = Debug|Win32
		{1700E2DB-18C1-4D62-BBF4-F9EFF75ED474}.Debug|x86.Build.0 = Debug|Win32
		{1700E2DB-18C1-4D62-BBF4-F9EFF75ED474}.Release|x64.ActiveCfg = Release|x64
		{1700E2DB-18C1-4D62-BBF4-F9EFF75ED474}.Release|x64.Build.0 = Release|x64
		{1700E2DB-18C1-4D62-BBF4-F9EFF75ED474}.Release|x86.ActiveCfg = Release|Win32
		{1700E2DB-18C1-4D62-BBF4-F9EFF75ED474}.Release|x86.Build.0 = Release|Win32
		{33ECCD1A-5941-45F2-A498-F3F45A4B3B73}.Debug|x64.ActiveCfg = Debug|x64
		{33ECCD1A-5941-45F2-A498-F3F45A4B3B73}.Debug|x64.Build.0 = Debug|x64
		{33ECCD1A-5941-45F2-A498-F3F45A4B3B73}.Debug|x86.ActiveCfg = Debug|Win32
		{33ECCD1A-5941-45F2-A498-F3F45A4B3B73}.Debug|x86.Build.0 = Debug|Win32
		{33ECCD1A-5941-45F2-A498-F3F45A4B3B73}.Release|x64.ActiveCfg = Release|x64
		{33ECCD1A-5941-45F2-A498-F3F45A4B3B73}.Release|x64.Build.0 = Release|x64
		{33ECCD1A-5941-45F2-A498-F3F45A4B3B73}.Release|x86.ActiveCfg = Release|Win32
		{33ECCD1A-5941-45F2-A498-F3F45A4B3B73}.Release|x86.Build.0 = Release|Win32
		{E1070393-14A7-47A6-9837-41BE349B88FB}.Debug|x64.ActiveCfg = Debug|x64
		{E1070393-14A7-47A6-9837-41BE349B88FB}.Debug|x64.Build.0 = Debug|x64
		{E1070393-14A7-47A6-9837-41BE349B88FB}.Debug|x86.ActiveCfg = Debug|Win32
		{E1070393-14A7-47A6-9837-41BE349B88FB}.Debug|x86.Build.0 = Debug|Win32
		{E1070393-14A7-47A6-9837-41BE349B88FB}.Release|x64.ActiveCfg = Release|x64
		{E1070393-14A7-47A6-9837-41BE349B88FB}.Release|x64.Build.0 = Release|x64
		{E1070393-14A7-47A6-9837-41BE349B88FB}.Release|x86.ActiveCfg = Release|Win32
		{E1070393-14A7-47A6-9837-41BE349B88FB}.Release|x86.Build.0 = Release|Win32
		{EB58FE41-893F-46E1-A32D-434D48578EB7}.Debug|x64.ActiveCfg = Debug|x64
		{EB58FE41-893F-46E1-A32D-434D48578EB7}.Debug|x64.Build.0 = Debug|x64
		{EB58FE41-893F-46E1-A32D-434D48578EB7}.Debug|x86.ActiveCfg = Debug|Win32
		{EB58FE41-893F-46E1-A32D-434D48578EB7}.Debug|x86.Build.0 = Debug|Win32
		{EB58FE41-893F-46E1-A32D-434D48578EB7}.Release|x64.ActiveCfg = Release|x64
		{EB58FE41-893F-46E1-A32D-434D48578EB7}.Release|x64.Build.0 = Release|x64
		{EB58FE41-893F-46E1-A32D-434D48578EB7}.Release|x86.ActiveCfg = Release|Win32
		{EB58FE41-893F-46E1-A32D-434D48578EB7}.Release|x86.Build.0 = Release|Win32
		{551C868E-412A-46C9-B4C0-738AC6112367}.Debug|x64.ActiveCfg = Debug|x64
		{551C868E-412A-46C9-B4C0-738AC6112367}.Debug|x64.Build.0 = Debug|x64
		{551C868E-412A-46C9-B4C0-738AC6112367}.Debug|x86.ActiveCfg = Debug|Win32
		{551C868E-412A-46C9-B4C0-738AC6112367}.Debug|x86.Build.0 = Debug|Win32
		{551C868E-412A-46C9-B4C0-738AC6112367}.Release|x64.ActiveCfg = Release|x64
		{551C868E-412A-46C9-B4C0-738AC6112367}.Release|x64.Build.0 = Release|x64
		{551C868E-412A-46C9-B4C0-738AC6112367}.Release|x86.ActiveCfg = Release|Win32
		{551C868E-412A-46C9-B4C0-738AC6112367}.Release|x86.Build.0 = Release|Win32
		{B5E5FE0D-A73B-4F9C-95A2-EEBCAD48096F}.Debug|x64.ActiveCfg = Debug|x64
		{B5E5FE0D-A73B-4F9C-95A2-EEBCAD48096F}.Debug|x64.Build.0 = Debug|x64
		{B5E5FE0D-A73B-4F9C-95A2-EEBCAD48096F}.Debug|x86.ActiveCfg = Debug|Win32
		{B5E5FE0D-A73B-4F9C-95A2-EEBCAD48096F}.Debug|x86.Build.0 = Debug|Win32
		{B5E5FE0D-A73B-4F9C-95A2-EEBCAD48096F}.Release|x64.ActiveCfg = Release|x64
		{B5E5FE0D-A73B-4F9C-95A2-EEBCAD48096F}.Release|x64.Build.0 = Release|x64
		{B5E5FE0D-A73B-4F9C-95A2-EEBCAD48096F}.Release|x86.ActiveCfg = Release|Win32
		{B5E5FE0D-A73B-4F9C-95A2-EEBCAD48096F}.Release|x86.Build.0 = Release|Win32
		{B46E3C37-624D-4501-8DAA-8F2B47697CDE}.Debug|x64.ActiveCfg = Debug|x64
		{B46E3C37-624D-4501-8DAA-8F2B47697CDE}.Debug|x64.Build.0 = Debug|x64
		{B46E3C37-624D-4501-8DAA-8F2B47697CDE}.Debug|x86.ActiveCfg = Debug|Win32
		{B46E3C37-624D-4501-8DAA-8F2B47697CDE}.Debug|x86.Build.0 = Debug|Win32
		{B46E3C37-624D-4501-8DAA-8F2B47697CDE}.Release|x64.ActiveCfg = Release|x64
		{B46E3C37-624D-4501-8DAA-8F2B47697CDE}.Release|x64.Build.0 = Release|x64
		{B46E3C37-624D-4501-8DAA-8F2B47697CDE}.Release|x86.ActiveCfg = Release|Win32
		{B46E3C37-624D-4501-8DAA-8F2B47697CDE}.Release|x86.Build.0 = Release|Win32
		{2FA62321-837B-4CBA-9FC2-369B8119D203}.Debug|x64.ActiveCfg = Debug|x64
		{2FA62321-837B-4CBA-9FC2-369B8119D203}.Debug|x64.Build.0 = Debug|x64
		{2FA62321-837B-4CBA-9FC2-369B8119D203}.Debug|x86.ActiveCfg = Debug|Win32
		{2FA62321-837B-4CBA-9FC2-369B8119D203}.Debug|x86.Build.0 = Debug|Win32
		{2FA62321-837B-4CBA-9FC2-369B8119D203}.Release|x64.ActiveCfg = Release|x64
		{2FA62321-837B-4CBA-9FC2-369B8119D203}.Release|x64.Build.0 = Release|x64
		{2FA62321-837B-4CBA-9FC2-369B8119D203}.Release|x86.ActiveCfg = Release|Win32
		{2FA62321-837B-4CBA-9FC2-369B8119D203}.Release|x86.Build.0 = Release|Win32
		{FB79D944-1178-41E4-9A0E-2027610B2C1A}.Debug|x64.ActiveCfg = Debug|x64
		{FB79D944-1178-41E4-9A0E-2027610B2C1A}.Debug|x64.Build.0 = Debug|x64
		{FB79D944-1178-41E4-9A0E-2027610B2C1A}.Debug|x86.ActiveCfg = Debug|Win32
		{FB79D944-1178-41E4-9A0E-2027610B2C1A}.Debug|x86.Build.0 = Debug|Win32
		{FB79D944-1178-41E4-9A0E-2027610B2C1A}.Release|x64.ActiveCfg = Release|x64
		{FB79D944-1178-41E4-9A0E-2027610B2C1A}.Release|x64.Build.0 = Release|x64
		{FB79D944-1178-41E4-9A0E-2027610B2C1A}.Release|x86.ActiveCfg = Release|Win32
		{FB79D944-1178-41E4-9A0E-2027610B2C1A}.Release|x86.Build.0 = Release|Win32
	EndGlobalSection
	GlobalSection(SolutionProperties) = preSolution
		HideSolutionNode = FALSE
	EndGlobalSection
	GlobalSection(ExtensibilityGlobals) = postSolution
		SolutionGuid = {F99CBB3D-59A7-4FD9-9844-2B08EDC2F3EC}
	EndGlobalSection
EndGlobal
